
Microsoft Visual Studio Solution File, Format Version 12.00
# Visual Studio Version 17
VisualStudioVersion = 17.4.33110.190
MinimumVisualStudioVersion = 10.0.40219.1
Project("{9A19103F-16F7-4668-BE54-9A1E7A4F7556}") = "HotelManagement.Server", "HotelManagement.Server\HotelManagement.Server.csproj", "{21BEB05D-DB96-43B1-86C9-E8C691B93AA6}"
EndProject
Project("{9A19103F-16F7-4668-BE54-9A1E7A4F7556}") = "HotelManagement.Client", "HotelManagement.Client\HotelManagement.Client.csproj", "{4C4FFF61-0A85-45A4-86AD-C6498DA0C53B}"
EndProject
Project("{FAE04EC0-301F-11D3-BF4B-00C04F79EFBC}") = "HotelManagement.DataAccess", "HotelManagement.DataAccess\HotelManagement.DataAccess.csproj", "{0BCD33B7-DF33-43A7-AE6E-563DF1C0B522}"
EndProject
Project("{FAE04EC0-301F-11D3-BF4B-00C04F79EFBC}") = "HotelManagement.Common", "HotelManagement.Common\HotelManagement.Common.csproj", "{1A0AEFAB-1F30-478C-A51E-4AB02B3A6B2A}"
EndProject
Project("{FAE04EC0-301F-11D3-BF4B-00C04F79EFBC}") = "HotelManagement.Business", "HotelManagement.Business\HotelManagement.Business.csproj", "{311C36E2-8DED-46DD-9312-46E526888368}"
EndProject
Project("{FAE04EC0-301F-11D3-BF4B-00C04F79EFBC}") = "HotelManagement.Models", "HotelManagement.Models\HotelManagement.Models.csproj", "{4E6AFE88-4E08-4D2C-97DB-6ED64B60625E}"
EndProject
Global
	GlobalSection(SolutionConfigurationPlatforms) = preSolution
		Debug|Any CPU = Debug|Any CPU
		Release|Any CPU = Release|Any CPU
	EndGlobalSection
	GlobalSection(ProjectConfigurationPlatforms) = postSolution
		{21BEB05D-DB96-43B1-86C9-E8C691B93AA6}.Debug|Any CPU.ActiveCfg = Debug|Any CPU
		{21BEB05D-DB96-43B1-86C9-E8C691B93AA6}.Debug|Any CPU.Build.0 = Debug|Any CPU
		{21BEB05D-DB96-43B1-86C9-E8C691B93AA6}.Release|Any CPU.ActiveCfg = Release|Any CPU
		{21BEB05D-DB96-43B1-86C9-E8C691B93AA6}.Release|Any CPU.Build.0 = Release|Any CPU
		{4C4FFF61-0A85-45A4-86AD-C6498DA0C53B}.Debug|Any CPU.ActiveCfg = Debug|Any CPU
		{4C4FFF61-0A85-45A4-86AD-C6498DA0C53B}.Debug|Any CPU.Build.0 = Debug|Any CPU
		{4C4FFF61-0A85-45A4-86AD-C6498DA0C53B}.Release|Any CPU.ActiveCfg = Release|Any CPU
		{4C4FFF61-0A85-45A4-86AD-C6498DA0C53B}.Release|Any CPU.Build.0 = Release|Any CPU
		{0BCD33B7-DF33-43A7-AE6E-563DF1C0B522}.Debug|Any CPU.ActiveCfg = Debug|Any CPU
		{0BCD33B7-DF33-43A7-AE6E-563DF1C0B522}.Debug|Any CPU.Build.0 = Debug|Any CPU
		{0BCD33B7-DF33-43A7-AE6E-563DF1C0B522}.Release|Any CPU.ActiveCfg = Release|Any CPU
		{0BCD33B7-DF33-43A7-AE6E-563DF1C0B522}.Release|Any CPU.Build.0 = Release|Any CPU
		{1A0AEFAB-1F30-478C-A51E-4AB02B3A6B2A}.Debug|Any CPU.ActiveCfg = Debug|Any CPU
		{1A0AEFAB-1F30-478C-A51E-4AB02B3A6B2A}.Debug|Any CPU.Build.0 = Debug|Any CPU
		{1A0AEFAB-1F30-478C-A51E-4AB02B3A6B2A}.Release|Any CPU.ActiveCfg = Release|Any CPU
		{1A0AEFAB-1F30-478C-A51E-4AB02B3A6B2A}.Release|Any CPU.Build.0 = Release|Any CPU
		{311C36E2-8DED-46DD-9312-46E526888368}.Debug|Any CPU.ActiveCfg = Debug|Any CPU
		{311C36E2-8DED-46DD-9312-46E526888368}.Debug|Any CPU.Build.0 = Debug|Any CPU
		{311C36E2-8DED-46DD-9312-46E526888368}.Release|Any CPU.ActiveCfg = Release|Any CPU
		{311C36E2-8DED-46DD-9312-46E526888368}.Release|Any CPU.Build.0 = Release|Any CPU
		{4E6AFE88-4E08-4D2C-97DB-6ED64B60625E}.Debug|Any CPU.ActiveCfg = Debug|Any CPU
		{4E6AFE88-4E08-4D2C-97DB-6ED64B60625E}.Debug|Any CPU.Build.0 = Debug|Any CPU
		{4E6AFE88-4E08-4D2C-97DB-6ED64B60625E}.Release|Any CPU.ActiveCfg = Release|Any CPU
		{4E6AFE88-4E08-4D2C-97DB-6ED64B60625E}.Release|Any CPU.Build.0 = Release|Any CPU
	EndGlobalSection
	GlobalSection(SolutionProperties) = preSolution
		HideSolutionNode = FALSE
	EndGlobalSection
	GlobalSection(ExtensibilityGlobals) = postSolution
		SolutionGuid = {15CEBC72-5CB6-43B7-8D3D-EA603A884D09}
	EndGlobalSection
EndGlobal
