
Microsoft Visual Studio Solution File, Format Version 12.00
# Visual Studio Version 17
VisualStudioVersion = 17.4.33110.190
MinimumVisualStudioVersion = 10.0.40219.1
Project("{FAE04EC0-301F-11D3-BF4B-00C04F79EFBC}") = "HotelManagement.Server", "HotelManagement.Server\HotelManagement.Server.csproj", "{21BEB05D-DB96-43B1-86C9-E8C691B93AA6}"
EndProject
Project("{FAE04EC0-301F-11D3-BF4B-00C04F79EFBC}") = "HotelManagement.Client", "HotelManagement.Client\HotelManagement.Client.csproj", "{4C4FFF61-0A85-45A4-86AD-C6498DA0C53B}"
EndProject
Global
	GlobalSection(SolutionConfigurationPlatforms) = preSolution
		Debug|Any CPU = Debug|Any CPU
		Release|Any CPU = Release|Any CPU
	EndGlobalSection
	GlobalSection(ProjectConfigurationPlatforms) = postSolution
		{21BEB05D-DB96-43B1-86C9-E8C691B93AA6}.Debug|Any CPU.ActiveCfg = Debug|Any CPU
		{21BEB05D-DB96-43B1-86C9-E8C691B93AA6}.Debug|Any CPU.Build.0 = Debug|Any CPU
		{21BEB05D-DB96-43B1-86C9-E8C691B93AA6}.Release|Any CPU.ActiveCfg = Release|Any CPU
		{21BEB05D-DB96-43B1-86C9-E8C691B93AA6}.Release|Any CPU.Build.0 = Release|Any CPU
		{4C4FFF61-0A85-45A4-86AD-C6498DA0C53B}.Debug|Any CPU.ActiveCfg = Debug|Any CPU
		{4C4FFF61-0A85-45A4-86AD-C6498DA0C53B}.Debug|Any CPU.Build.0 = Debug|Any CPU
		{4C4FFF61-0A85-45A4-86AD-C6498DA0C53B}.Release|Any CPU.ActiveCfg = Release|Any CPU
		{4C4FFF61-0A85-45A4-86AD-C6498DA0C53B}.Release|Any CPU.Build.0 = Release|Any CPU
	EndGlobalSection
	GlobalSection(SolutionProperties) = preSolution
		HideSolutionNode = FALSE
	EndGlobalSection
	GlobalSection(ExtensibilityGlobals) = postSolution
		SolutionGuid = {15CEBC72-5CB6-43B7-8D3D-EA603A884D09}
	EndGlobalSection
EndGlobal
